
Microsoft Visual Studio Solution File, Format Version 12.00
# Visual Studio Version 16
VisualStudioVersion = 16.0.30002.166
MinimumVisualStudioVersion = 10.0.40219.1
Project("{FAE04EC0-301F-11D3-BF4B-00C04F79EFBC}") = "last_time", "last_time.csproj", "{F82E8854-D369-441F-9154-30A365BE5063}"
EndProject
Project("{FAE04EC0-301F-11D3-BF4B-00C04F79EFBC}") = "last_time.Test", "..\last_time_Test\last_time.Test.csproj", "{B64E57B6-7E36-4C67-82D3-E1AC71DC42B5}"
EndProject
Global
	GlobalSection(SolutionConfigurationPlatforms) = preSolution
		Debug|Any CPU = Debug|Any CPU
		Release|Any CPU = Release|Any CPU
	EndGlobalSection
	GlobalSection(ProjectConfigurationPlatforms) = postSolution
		{F82E8854-D369-441F-9154-30A365BE5063}.Debug|Any CPU.ActiveCfg = Debug|Any CPU
		{F82E8854-D369-441F-9154-30A365BE5063}.Debug|Any CPU.Build.0 = Debug|Any CPU
		{F82E8854-D369-441F-9154-30A365BE5063}.Release|Any CPU.ActiveCfg = Release|Any CPU
		{F82E8854-D369-441F-9154-30A365BE5063}.Release|Any CPU.Build.0 = Release|Any CPU
		{B64E57B6-7E36-4C67-82D3-E1AC71DC42B5}.Debug|Any CPU.ActiveCfg = Debug|Any CPU
		{B64E57B6-7E36-4C67-82D3-E1AC71DC42B5}.Debug|Any CPU.Build.0 = Debug|Any CPU
		{B64E57B6-7E36-4C67-82D3-E1AC71DC42B5}.Release|Any CPU.ActiveCfg = Release|Any CPU
		{B64E57B6-7E36-4C67-82D3-E1AC71DC42B5}.Release|Any CPU.Build.0 = Release|Any CPU
	EndGlobalSection
	GlobalSection(SolutionProperties) = preSolution
		HideSolutionNode = FALSE
	EndGlobalSection
	GlobalSection(ExtensibilityGlobals) = postSolution
		SolutionGuid = {6E05AD6D-6D6F-4860-AE68-965425E365FD}
	EndGlobalSection
EndGlobal
